<?xml version="1.0" encoding="utf-8"?>
<Project ToolsVersion="4.0" xmlns="http://schemas.microsoft.com/developer/msbuild/2003">
  <ItemGroup>
    <Filter Include="Source Files">
      <UniqueIdentifier>{4FC737F1-C7A5-4376-A066-2A32D752A2FF}</UniqueIdentifier>
      <Extensions>cpp;c;cc;cxx;def;odl;idl;hpj;bat;asm;asmx</Extensions>
    </Filter>
    <Filter Include="Header Files">
      <UniqueIdentifier>{93995380-89BD-4b04-88EB-625FBE52EBFB}</UniqueIdentifier>
      <Extensions>h;hpp;hxx;hm;inl;inc;xsd</Extensions>
    </Filter>
    <Filter Include="Resource Files">
      <UniqueIdentifier>{67DA6AB6-F800-4c08-8B7A-83BB121AAD01}</UniqueIdentifier>
      <Extensions>rc;ico;cur;bmp;dlg;rc2;rct;bin;rgs;gif;jpg;jpeg;jpe;resx;tiff;tif;png;wav;mfcribbon-ms</Extensions>
    </Filter>
    <Filter Include="Header Files\APZ">
      <UniqueIdentifier>{52f59460-c025-427f-a9cf-fde9562c65db}</UniqueIdentifier>
    </Filter>
    <Filter Include="Header Files\APZ\Utility">
      <UniqueIdentifier>{902c5504-c610-493e-af09-d76d37d082e3}</UniqueIdentifier>
    </Filter>
    <Filter Include="Header Files\APZ\Shaders">
      <UniqueIdentifier>{61fabd30-f90d-4bc8-a4e6-66d93d29c914}</UniqueIdentifier>
    </Filter>
    <Filter Include="Header Files\APZ\RenderObjects">
      <UniqueIdentifier>{62e17699-2503-4558-9fc7-65c4061a7ef2}</UniqueIdentifier>
    </Filter>
    <Filter Include="Header Files\APZ\Renderers">
      <UniqueIdentifier>{bc945243-1f76-44a4-885c-444d3ba44c45}</UniqueIdentifier>
    </Filter>
    <Filter Include="Header Files\APZ\Windows">
      <UniqueIdentifier>{e7439693-141f-4a54-94ca-01f5256cada1}</UniqueIdentifier>
    </Filter>
  </ItemGroup>
  <ItemGroup>
    <Text Include="ReadMe.txt" />
  </ItemGroup>
  <ItemGroup>
    <ClInclude Include="stdafx.h">
      <Filter>Header Files</Filter>
    </ClInclude>
    <ClInclude Include="targetver.h">
      <Filter>Header Files</Filter>
    </ClInclude>
    <ClInclude Include="apzFragmentShader.h">
      <Filter>Header Files\APZ\Shaders</Filter>
    </ClInclude>
    <ClInclude Include="apzGeometryShader.h">
      <Filter>Header Files\APZ\Shaders</Filter>
    </ClInclude>
    <ClInclude Include="apzData.h">
      <Filter>Header Files\APZ\Utility</Filter>
    </ClInclude>
    <ClInclude Include="apzParticleSystem.h">
      <Filter>Header Files\APZ\RenderObjects</Filter>
    </ClInclude>
    <ClInclude Include="apzRenderGroup.h">
      <Filter>Header Files\APZ\RenderObjects</Filter>
    </ClInclude>
    <ClInclude Include="apzRenderObject.h">
      <Filter>Header Files\APZ\RenderObjects</Filter>
    </ClInclude>
    <ClInclude Include="apzShader.h">
      <Filter>Header Files\APZ\Shaders</Filter>
    </ClInclude>
    <ClInclude Include="apzShaderObject.h">
      <Filter>Header Files\APZ\Shaders</Filter>
    </ClInclude>
    <ClInclude Include="apzStructs.h">
      <Filter>Header Files\APZ\Utility</Filter>
    </ClInclude>
    <ClInclude Include="apzUtilities.h">
      <Filter>Header Files\APZ\Utility</Filter>
    </ClInclude>
    <ClInclude Include="apzSwitchRGOpacity.h">
      <Filter>Header Files\APZ\RenderObjects</Filter>
    </ClInclude>
    <ClInclude Include="apzVertexShader.h">
      <Filter>Header Files\APZ\Shaders</Filter>
    </ClInclude>
    <ClInclude Include="apzSwitchRenderGroup.h">
      <Filter>Header Files\APZ\RenderObjects</Filter>
    </ClInclude>
    <ClInclude Include="apzRenderer.h">
      <Filter>Header Files\APZ\Renderers</Filter>
    </ClInclude>
    <ClInclude Include="apzZSpaceRenderer.h">
      <Filter>Header Files\APZ\Renderers</Filter>
    </ClInclude>
    <ClInclude Include="apzWindow.h">
      <Filter>Header Files\APZ\Windows</Filter>
    </ClInclude>
    <ClInclude Include="apzZSPenObject.h">
      <Filter>Header Files\APZ\Utility</Filter>
    </ClInclude>
    <ClInclude Include="apzZSpaceUtilities.h">
      <Filter>Header Files\APZ\Utility</Filter>
    </ClInclude>
    <ClInclude Include="apzVelocityParticleSystem.h">
      <Filter>Header Files\APZ\RenderObjects</Filter>
    </ClInclude>
    <ClInclude Include="apzBolshoiSystem.h">
      <Filter>Header Files\APZ\RenderObjects</Filter>
    </ClInclude>
    <ClInclude Include="apzTemplateParticleSystem.h">
      <Filter>Header Files\APZ\RenderObjects</Filter>
    </ClInclude>
    <ClInclude Include="apzWaveFrontLoader.h">
      <Filter>Header Files\APZ\RenderObjects</Filter>
    </ClInclude>
  </ItemGroup>
  <ItemGroup>
    <ClCompile Include="stdafx.cpp">
      <Filter>Source Files</Filter>
    </ClCompile>
    <ClCompile Include="apz.cpp">
      <Filter>Source Files</Filter>
    </ClCompile>
    <ClCompile Include="apzShader.cpp">
      <Filter>Source Files</Filter>
    </ClCompile>
    <ClCompile Include="apzUtilities.cpp">
      <Filter>Source Files</Filter>
    </ClCompile>
    <ClCompile Include="apzVertexShader.cpp">
      <Filter>Source Files</Filter>
    </ClCompile>
    <ClCompile Include="apzShaderObject.cpp">
      <Filter>Source Files</Filter>
    </ClCompile>
    <ClCompile Include="apzRenderer.cpp">
      <Filter>Source Files</Filter>
    </ClCompile>
    <ClCompile Include="apzFragmentShader.cpp">
      <Filter>Source Files</Filter>
    </ClCompile>
    <ClCompile Include="apzWindow.cpp">
      <Filter>Source Files</Filter>
    </ClCompile>
    <ClCompile Include="apzParticleSystem.cpp">
      <Filter>Source Files</Filter>
    </ClCompile>
    <ClCompile Include="apzRenderObject.cpp">
      <Filter>Source Files</Filter>
    </ClCompile>
    <ClCompile Include="apzData.cpp">
      <Filter>Source Files</Filter>
    </ClCompile>
    <ClCompile Include="apzZSpaceRenderer.cpp">
      <Filter>Source Files</Filter>
    </ClCompile>
    <ClCompile Include="apzRenderGroup.cpp">
      <Filter>Source Files</Filter>
    </ClCompile>
    <ClCompile Include="apzSwitchRenderGroup.cpp">
      <Filter>Source Files</Filter>
    </ClCompile>
    <ClCompile Include="apzGeometryShader.cpp">
      <Filter>Source Files</Filter>
    </ClCompile>
    <ClCompile Include="apzSwitchRGOpacity.cpp">
      <Filter>Source Files</Filter>
    </ClCompile>
    <ClCompile Include="apzZSPenObject.cpp">
      <Filter>Source Files</Filter>
    </ClCompile>
    <ClCompile Include="apzZSpaceUtilities.cpp">
      <Filter>Source Files</Filter>
    </ClCompile>
    <ClCompile Include="apzVelocityParticleSystem.cpp">
      <Filter>Source Files</Filter>
    </ClCompile>
    <ClCompile Include="BolshoiSystem.cpp">
      <Filter>Source Files</Filter>
    </ClCompile>
    <ClCompile Include="apzTemplateParticleSystem.cpp">
      <Filter>Source Files</Filter>
    </ClCompile>
    <ClCompile Include="apzWaveFrontLoader.cpp">
      <Filter>Source Files</Filter>
    </ClCompile>
  </ItemGroup>
  <ItemGroup>
    <Image Include="Infinite_Z.ico">
      <Filter>Resource Files</Filter>
    </Image>
  </ItemGroup>
</Project>